{
  "name": "react-native-photo-view",
  "version": "1.4.0",
  "lockfileVersion": 1,
  "requires": true,
  "dependencies": {
    "node": {
      "version": "8.3.0",
      "resolved": "https://registry.npmjs.org/node/-/node-8.3.0.tgz",
      "integrity": "sha512-RU3iQgXeDBU45dv6BrfDrgTyUjJk1yorN64l0sce+E+2pZzFbRbBicPMBD/hWjo0GSMnA5a+RwFtWwHNDlojaw==",
      "requires": {
        "node-bin-setup": "1.0.6"
      }
    },
    "node-bin-setup": {
      "version": "1.0.6",
      "resolved": "https://registry.npmjs.org/node-bin-setup/-/node-bin-setup-1.0.6.tgz",
      "integrity": "sha512-uPIxXNis1CRbv1DwqAxkgBk5NFV3s7cMN/Gf556jSw6jBvV7ca4F9lRL/8cALcZecRibeqU+5dFYqFFmzv5a0Q=="
    }
  }
}
